
Microsoft Visual Studio Solution File, Format Version 12.00
Project("{FAE04EC0-301F-11D3-BF4B-00C04F79EFBC}") = "Avalonia.LiteRoute", "src\Avalonia.LiteRoute\Avalonia.LiteRoute.csproj", "{C4F1BB12-7075-413A-B903-70298B877D16}"
EndProject
Project("{2150E333-8FDC-42A3-9474-1A3956D46DE8}") = "src", "src", "{9AAE243C-A85A-4AC9-8650-1C493E4705F9}"
EndProject
Project("{2150E333-8FDC-42A3-9474-1A3956D46DE8}") = "samples", "samples", "{C73123F6-A14A-48FD-9681-1CC8A61F882A}"
EndProject
Project("{2150E333-8FDC-42A3-9474-1A3956D46DE8}") = "BookTracker", "BookTracker", "{52512145-D55F-47EE-90BF-8A5F7AB9D2B7}"
EndProject
Project("{FAE04EC0-301F-11D3-BF4B-00C04F79EFBC}") = "BookTracker", "samples\BookTracker\BookTracker\BookTracker.csproj", "{C3949594-BEB0-42D5-B796-0BBC18CEB220}"
EndProject
Project("{FAE04EC0-301F-11D3-BF4B-00C04F79EFBC}") = "BookTracker.Desktop", "samples\BookTracker\BookTracker.Desktop\BookTracker.Desktop.csproj", "{1C82EA9C-583A-4563-BE05-B5E5A7D37C32}"
EndProject
Project("{FAE04EC0-301F-11D3-BF4B-00C04F79EFBC}") = "BookTracker.Browser", "samples\BookTracker\BookTracker.Browser\BookTracker.Browser.csproj", "{7CEF7B91-E0CC-4E29-8399-C5D9EE35BD59}"
EndProject
Project("{FAE04EC0-301F-11D3-BF4B-00C04F79EFBC}") = "BookTracker.iOS", "samples\BookTracker\BookTracker.iOS\BookTracker.iOS.csproj", "{9DF1F8EC-5FC8-4754-B9F7-FDB74875AD92}"
EndProject
Project("{FAE04EC0-301F-11D3-BF4B-00C04F79EFBC}") = "BookTracker.Android", "samples\BookTracker\BookTracker.Android\BookTracker.Android.csproj", "{95403F63-8562-4334-ABFE-9CB1DF9D6EDE}"
EndProject
Global
	GlobalSection(SolutionConfigurationPlatforms) = preSolution
		Debug|Any CPU = Debug|Any CPU
		Release|Any CPU = Release|Any CPU
	EndGlobalSection
	GlobalSection(ProjectConfigurationPlatforms) = postSolution
		{C4F1BB12-7075-413A-B903-70298B877D16}.Debug|Any CPU.ActiveCfg = Debug|Any CPU
		{C4F1BB12-7075-413A-B903-70298B877D16}.Debug|Any CPU.Build.0 = Debug|Any CPU
		{C4F1BB12-7075-413A-B903-70298B877D16}.Release|Any CPU.ActiveCfg = Release|Any CPU
		{C4F1BB12-7075-413A-B903-70298B877D16}.Release|Any CPU.Build.0 = Release|Any CPU
		{C3949594-BEB0-42D5-B796-0BBC18CEB220}.Debug|Any CPU.ActiveCfg = Debug|Any CPU
		{C3949594-BEB0-42D5-B796-0BBC18CEB220}.Debug|Any CPU.Build.0 = Debug|Any CPU
		{C3949594-BEB0-42D5-B796-0BBC18CEB220}.Release|Any CPU.ActiveCfg = Release|Any CPU
		{C3949594-BEB0-42D5-B796-0BBC18CEB220}.Release|Any CPU.Build.0 = Release|Any CPU
		{1C82EA9C-583A-4563-BE05-B5E5A7D37C32}.Debug|Any CPU.ActiveCfg = Debug|Any CPU
		{1C82EA9C-583A-4563-BE05-B5E5A7D37C32}.Debug|Any CPU.Build.0 = Debug|Any CPU
		{1C82EA9C-583A-4563-BE05-B5E5A7D37C32}.Release|Any CPU.ActiveCfg = Release|Any CPU
		{1C82EA9C-583A-4563-BE05-B5E5A7D37C32}.Release|Any CPU.Build.0 = Release|Any CPU
		{7CEF7B91-E0CC-4E29-8399-C5D9EE35BD59}.Debug|Any CPU.ActiveCfg = Debug|Any CPU
		{7CEF7B91-E0CC-4E29-8399-C5D9EE35BD59}.Debug|Any CPU.Build.0 = Debug|Any CPU
		{7CEF7B91-E0CC-4E29-8399-C5D9EE35BD59}.Release|Any CPU.ActiveCfg = Release|Any CPU
		{7CEF7B91-E0CC-4E29-8399-C5D9EE35BD59}.Release|Any CPU.Build.0 = Release|Any CPU
		{9DF1F8EC-5FC8-4754-B9F7-FDB74875AD92}.Debug|Any CPU.ActiveCfg = Debug|Any CPU
		{9DF1F8EC-5FC8-4754-B9F7-FDB74875AD92}.Debug|Any CPU.Build.0 = Debug|Any CPU
		{9DF1F8EC-5FC8-4754-B9F7-FDB74875AD92}.Release|Any CPU.ActiveCfg = Release|Any CPU
		{9DF1F8EC-5FC8-4754-B9F7-FDB74875AD92}.Release|Any CPU.Build.0 = Release|Any CPU
		{95403F63-8562-4334-ABFE-9CB1DF9D6EDE}.Debug|Any CPU.ActiveCfg = Debug|Any CPU
		{95403F63-8562-4334-ABFE-9CB1DF9D6EDE}.Debug|Any CPU.Build.0 = Debug|Any CPU
		{95403F63-8562-4334-ABFE-9CB1DF9D6EDE}.Release|Any CPU.ActiveCfg = Release|Any CPU
		{95403F63-8562-4334-ABFE-9CB1DF9D6EDE}.Release|Any CPU.Build.0 = Release|Any CPU
	EndGlobalSection
	GlobalSection(NestedProjects) = preSolution
		{C4F1BB12-7075-413A-B903-70298B877D16} = {9AAE243C-A85A-4AC9-8650-1C493E4705F9}
		{52512145-D55F-47EE-90BF-8A5F7AB9D2B7} = {C73123F6-A14A-48FD-9681-1CC8A61F882A}
		{C3949594-BEB0-42D5-B796-0BBC18CEB220} = {52512145-D55F-47EE-90BF-8A5F7AB9D2B7}
		{1C82EA9C-583A-4563-BE05-B5E5A7D37C32} = {52512145-D55F-47EE-90BF-8A5F7AB9D2B7}
		{7CEF7B91-E0CC-4E29-8399-C5D9EE35BD59} = {52512145-D55F-47EE-90BF-8A5F7AB9D2B7}
		{9DF1F8EC-5FC8-4754-B9F7-FDB74875AD92} = {52512145-D55F-47EE-90BF-8A5F7AB9D2B7}
		{95403F63-8562-4334-ABFE-9CB1DF9D6EDE} = {52512145-D55F-47EE-90BF-8A5F7AB9D2B7}
	EndGlobalSection
EndGlobal
