
Microsoft Visual Studio Solution File, Format Version 12.00
Project("{FAE04EC0-301F-11D3-BF4B-00C04F79EFBC}") = "Mvvm.NestedNav", "src\Mvvm.NestedNav\Mvvm.NestedNav.csproj", "{1BC9828B-FAA9-44F9-A43B-9FB0F13AC528}"
EndProject
Global
	GlobalSection(SolutionConfigurationPlatforms) = preSolution
		Debug|Any CPU = Debug|Any CPU
		Release|Any CPU = Release|Any CPU
	EndGlobalSection
	GlobalSection(ProjectConfigurationPlatforms) = postSolution
		{1BC9828B-FAA9-44F9-A43B-9FB0F13AC528}.Debug|Any CPU.ActiveCfg = Debug|Any CPU
		{1BC9828B-FAA9-44F9-A43B-9FB0F13AC528}.Debug|Any CPU.Build.0 = Debug|Any CPU
		{1BC9828B-FAA9-44F9-A43B-9FB0F13AC528}.Release|Any CPU.ActiveCfg = Release|Any CPU
		{1BC9828B-FAA9-44F9-A43B-9FB0F13AC528}.Release|Any CPU.Build.0 = Release|Any CPU
	EndGlobalSection
EndGlobal
